PODS:
  - Crashlytics (3.9.0):
    - Fabric (~> 1.7.0)
  - Fabric (1.7.0)

DEPENDENCIES:
  - Crashlytics
  - Fabric

SPEC CHECKSUMS:
  Crashlytics: 64aad5dd97249dd3ff94b979fea140144590cdd3
  Fabric: e6be012366472553807dada21243c5ab8d904151

PODFILE CHECKSUM: 3fef7a650f1ab0ee45171b93fc7bffb8c24b4a5b

COCOAPODS: 1.3.1
